
Microsoft Visual Studio Solution File, Format Version 12.00
# Visual Studio Version 16
VisualStudioVersion = 16.0.28803.156
MinimumVisualStudioVersion = 10.0.40219.1
Project("{FAE04EC0-301F-11D3-BF4B-00C04F79EFBC}") = "CanTheSpam", "CanTheSpam\CanTheSpam.csproj", "{AB406A8E-C85A-4BB5-919F-9FFE90266135}"
EndProject
Global
	GlobalSection(SolutionConfigurationPlatforms) = preSolution
		Debug|Any CPU = Debug|Any CPU
		Release|Any CPU = Release|Any CPU
	EndGlobalSection
	GlobalSection(ProjectConfigurationPlatforms) = postSolution
		{AB406A8E-C85A-4BB5-919F-9FFE90266135}.Debug|Any CPU.ActiveCfg = Debug|Any CPU
		{AB406A8E-C85A-4BB5-919F-9FFE90266135}.Debug|Any CPU.Build.0 = Debug|Any CPU
		{AB406A8E-C85A-4BB5-919F-9FFE90266135}.Release|Any CPU.ActiveCfg = Release|Any CPU
		{AB406A8E-C85A-4BB5-919F-9FFE90266135}.Release|Any CPU.Build.0 = Release|Any CPU
	EndGlobalSection
	GlobalSection(SolutionProperties) = preSolution
		HideSolutionNode = FALSE
	EndGlobalSection
	GlobalSection(ExtensibilityGlobals) = postSolution
		SolutionGuid = {8A6F4099-8B3F-4F51-9CBD-4192249E6A15}
	EndGlobalSection
EndGlobal
