
Microsoft Visual Studio Solution File, Format Version 12.00
# Visual Studio Version 16
VisualStudioVersion = 16.0.28803.156
MinimumVisualStudioVersion = 10.0.40219.1
Project("{9A19103F-16F7-4668-BE54-9A1E7A4F7556}") = "CanTheSpam", "CanTheSpam\CanTheSpam.csproj", "{AB406A8E-C85A-4BB5-919F-9FFE90266135}"
EndProject
Project("{9A19103F-16F7-4668-BE54-9A1E7A4F7556}") = "CanTheSpam.Data", "CanTheSpam.Data\CanTheSpam.Data.csproj", "{92F654A3-4682-4930-8B1C-992B40F79908}"
EndProject
Project("{00D1A9C2-B5F0-4AF3-8072-F6C62B433612}") = "CanTheSpamAppData", "CanTheSpamAppData\CanTheSpamAppData.sqlproj", "{75000631-1687-437E-BAA6-2821C508423F}"
EndProject
Global
	GlobalSection(SolutionConfigurationPlatforms) = preSolution
		Azure|Any CPU = Azure|Any CPU
		Debug|Any CPU = Debug|Any CPU
		Docker|Any CPU = Docker|Any CPU
		Release|Any CPU = Release|Any CPU
	EndGlobalSection
	GlobalSection(ProjectConfigurationPlatforms) = postSolution
		{AB406A8E-C85A-4BB5-919F-9FFE90266135}.Azure|Any CPU.ActiveCfg = Azure|Any CPU
		{AB406A8E-C85A-4BB5-919F-9FFE90266135}.Azure|Any CPU.Build.0 = Azure|Any CPU
		{AB406A8E-C85A-4BB5-919F-9FFE90266135}.Debug|Any CPU.ActiveCfg = Debug|Any CPU
		{AB406A8E-C85A-4BB5-919F-9FFE90266135}.Debug|Any CPU.Build.0 = Debug|Any CPU
		{AB406A8E-C85A-4BB5-919F-9FFE90266135}.Docker|Any CPU.ActiveCfg = Docker|Any CPU
		{AB406A8E-C85A-4BB5-919F-9FFE90266135}.Docker|Any CPU.Build.0 = Docker|Any CPU
		{AB406A8E-C85A-4BB5-919F-9FFE90266135}.Release|Any CPU.ActiveCfg = Release|Any CPU
		{AB406A8E-C85A-4BB5-919F-9FFE90266135}.Release|Any CPU.Build.0 = Release|Any CPU
		{92F654A3-4682-4930-8B1C-992B40F79908}.Azure|Any CPU.ActiveCfg = Azure|Any CPU
		{92F654A3-4682-4930-8B1C-992B40F79908}.Azure|Any CPU.Build.0 = Azure|Any CPU
		{92F654A3-4682-4930-8B1C-992B40F79908}.Debug|Any CPU.ActiveCfg = Debug|Any CPU
		{92F654A3-4682-4930-8B1C-992B40F79908}.Debug|Any CPU.Build.0 = Debug|Any CPU
		{92F654A3-4682-4930-8B1C-992B40F79908}.Docker|Any CPU.ActiveCfg = Debug|Any CPU
		{92F654A3-4682-4930-8B1C-992B40F79908}.Docker|Any CPU.Build.0 = Debug|Any CPU
		{92F654A3-4682-4930-8B1C-992B40F79908}.Release|Any CPU.ActiveCfg = Release|Any CPU
		{92F654A3-4682-4930-8B1C-992B40F79908}.Release|Any CPU.Build.0 = Release|Any CPU
		{75000631-1687-437E-BAA6-2821C508423F}.Azure|Any CPU.ActiveCfg = Azure|Any CPU
		{75000631-1687-437E-BAA6-2821C508423F}.Azure|Any CPU.Build.0 = Azure|Any CPU
		{75000631-1687-437E-BAA6-2821C508423F}.Azure|Any CPU.Deploy.0 = Azure|Any CPU
		{75000631-1687-437E-BAA6-2821C508423F}.Debug|Any CPU.ActiveCfg = Debug|Any CPU
		{75000631-1687-437E-BAA6-2821C508423F}.Debug|Any CPU.Build.0 = Debug|Any CPU
		{75000631-1687-437E-BAA6-2821C508423F}.Debug|Any CPU.Deploy.0 = Debug|Any CPU
		{75000631-1687-437E-BAA6-2821C508423F}.Docker|Any CPU.ActiveCfg = Debug|Any CPU
		{75000631-1687-437E-BAA6-2821C508423F}.Docker|Any CPU.Build.0 = Debug|Any CPU
		{75000631-1687-437E-BAA6-2821C508423F}.Docker|Any CPU.Deploy.0 = Debug|Any CPU
		{75000631-1687-437E-BAA6-2821C508423F}.Release|Any CPU.ActiveCfg = Release|Any CPU
		{75000631-1687-437E-BAA6-2821C508423F}.Release|Any CPU.Build.0 = Release|Any CPU
		{75000631-1687-437E-BAA6-2821C508423F}.Release|Any CPU.Deploy.0 = Release|Any CPU
	EndGlobalSection
	GlobalSection(SolutionProperties) = preSolution
		HideSolutionNode = FALSE
	EndGlobalSection
	GlobalSection(ExtensibilityGlobals) = postSolution
		SolutionGuid = {8A6F4099-8B3F-4F51-9CBD-4192249E6A15}
	EndGlobalSection
EndGlobal
